{
  "name": "major_project",
  "lockfileVersion": 3,
  "requires": true,
  "packages": {
    "": {
      "dependencies": {
        "@mediapipe/holistic": "^0.5.1675471629"
      }
    },
    "node_modules/@mediapipe/holistic": {
      "version": "0.5.1675471629",
      "resolved": "https://registry.npmjs.org/@mediapipe/holistic/-/holistic-0.5.1675471629.tgz",
      "integrity": "sha512-qY+cxtDeSOvVtevrLgnodiwXYaAtPi7dHZtNv/bUCGEjFicAOYtMmrZSqMmbPkTB2+4jLnPF1vgshkAqQRSYAw==",
      "license": "Apache-2.0"
    }
  }
}
